// !$*UTF8*$!
{
	archiveVersion = 1;
	classes = {
	};
	objectVersion = 46;
	objects = {

/* Begin PBXBuildFile section */
		44A3C08A1B78597500F600BD /* main.m in Sources */ = {isa = PBXBuildFile; fileRef = 44A3C0891B78597500F600BD /* main.m */; };
		44A3C08D1B78597500F600BD /* AppDelegate.m in Sources */ = {isa = PBXBuildFile; fileRef = 44A3C08C1B78597500F600BD /* AppDelegate.m */; };
		44A3C0901B78597500F600BD /* ViewController.m in Sources */ = {isa = PBXBuildFile; fileRef = 44A3C08F1B78597500F600BD /* ViewController.m */; };
		44A3C0931B78597500F600BD /* Main.storyboard in Resources */ = {isa = PBXBuildFile; fileRef = 44A3C0911B78597500F600BD /* Main.storyboard */; };
		44A3C0951B78597500F600BD /* Images.xcassets in Resources */ = {isa = PBXBuildFile; fileRef = 44A3C0941B78597500F600BD /* Images.xcassets */; };
		44A3C0981B78597500F600BD /* LaunchScreen.xib in Resources */ = {isa = PBXBuildFile; fileRef = 44A3C0961B78597500F600BD /* LaunchScreen.xib */; };
		44A3C0A41B78597500F600BD /* RTLocalizationSystemTests.m in Sources */ = {isa = PBXBuildFile; fileRef = 44A3C0A31B78597500F600BD /* RTLocalizationSystemTests.m */; };
		44A3C0AF1B785A5200F600BD /* Localizable.strings in Resources */ = {isa = PBXBuildFile; fileRef = 44A3C0B11B785A5200F600BD /* Localizable.strings */; };
		44A3C0BF1B79C64C00F600BD /* RTLocalizationSystem.m in Sources */ = {isa = PBXBuildFile; fileRef = 44A3C0BE1B79C64C00F600BD /* RTLocalizationSystem.m */; };
		44A3C0C11B79C66F00F600BD /* RTLocalizationSystemSetting.plist in Resources */ = {isa = PBXBuildFile; fileRef = 44A3C0C01B79C66F00F600BD /* RTLocalizationSystemSetting.plist */; };
/* End PBXBuildFile section */

/* Begin PBXContainerItemProxy section */
		44A3C09E1B78597500F600BD /* PBXContainerItemProxy */ = {
			isa = PBXContainerItemProxy;
			containerPortal = 44A3C07C1B78597500F600BD /* Project object */;
			proxyType = 1;
			remoteGlobalIDString = 44A3C0831B78597500F600BD;
			remoteInfo = RTLocalizationSystem;
		};
/* End PBXContainerItemProxy section */

/* Begin PBXFileReference section */
		44A3C0841B78597500F600BD /* RTLocalizationSystem.app */ = {isa = PBXFileReference; explicitFileType = wrapper.application; includeInIndex = 0; path = RTLocalizationSystem.app; sourceTree = BUILT_PRODUCTS_DIR; };
		44A3C0881B78597500F600BD /* Info.plist */ = {isa = PBXFileReference; lastKnownFileType = text.plist.xml; path = Info.plist; sourceTree = "<group>"; };
		44A3C0891B78597500F600BD /* main.m */ = {isa = PBXFileReference; lastKnownFileType = sourcecode.c.objc; path = main.m; sourceTree = "<group>"; };
		44A3C08B1B78597500F600BD /* AppDelegate.h */ = {isa = PBXFileReference; lastKnownFileType = sourcecode.c.h; path = AppDelegate.h; sourceTree = "<group>"; };
		44A3C08C1B78597500F600BD /* AppDelegate.m */ = {isa = PBXFileReference; lastKnownFileType = sourcecode.c.objc; path = AppDelegate.m; sourceTree = "<group>"; };
		44A3C08E1B78597500F600BD /* ViewController.h */ = {isa = PBXFileReference; lastKnownFileType = sourcecode.c.h; path = ViewController.h; sourceTree = "<group>"; };
		44A3C08F1B78597500F600BD /* ViewController.m */ = {isa = PBXFileReference; lastKnownFileType = sourcecode.c.objc; path = ViewController.m; sourceTree = "<group>"; };
		44A3C0921B78597500F600BD /* Base */ = {isa = PBXFileReference; lastKnownFileType = file.storyboard; name = Base; path = Base.lproj/Main.storyboard; sourceTree = "<group>"; };
		44A3C0941B78597500F600BD /* Images.xcassets */ = {isa = PBXFileReference; lastKnownFileType = folder.assetcatalog; path = Images.xcassets; sourceTree = "<group>"; };
		44A3C0971B78597500F600BD /* Base */ = {isa = PBXFileReference; lastKnownFileType = file.xib; name = Base; path = Base.lproj/LaunchScreen.xib; sourceTree = "<group>"; };
		44A3C09D1B78597500F600BD /* RTLocalizationSystemTests.xctest */ = {isa = PBXFileReference; explicitFileType = wrapper.cfbundle; includeInIndex = 0; path = RTLocalizationSystemTests.xctest; sourceTree = BUILT_PRODUCTS_DIR; };
		44A3C0A21B78597500F600BD /* Info.plist */ = {isa = PBXFileReference; lastKnownFileType = text.plist.xml; path = Info.plist; sourceTree = "<group>"; };
		44A3C0A31B78597500F600BD /* RTLocalizationSystemTests.m */ = {isa = PBXFileReference; lastKnownFileType = sourcecode.c.objc; path = RTLocalizationSystemTests.m; sourceTree = "<group>"; };
		44A3C0B21B785A5800F600BD /* Base */ = {isa = PBXFileReference; lastKnownFileType = text.plist.strings; name = Base; path = Base.lproj/Localizable.strings; sourceTree = "<group>"; };
		44A3C0B31B785BA400F600BD /* zh-Hant */ = {isa = PBXFileReference; lastKnownFileType = text.plist.strings; name = "zh-Hant"; path = "zh-Hant.lproj/Localizable.strings"; sourceTree = "<group>"; };
		44A3C0BD1B79C64C00F600BD /* RTLocalizationSystem.h */ = {isa = PBXFileReference; fileEncoding = 4; lastKnownFileType = sourcecode.c.h; name = RTLocalizationSystem.h; path = RTLocalizationSystem/RTLocalizationSystem.h; sourceTree = "<group>"; };
		44A3C0BE1B79C64C00F600BD /* RTLocalizationSystem.m */ = {isa = PBXFileReference; fileEncoding = 4; lastKnownFileType = sourcecode.c.objc; name = RTLocalizationSystem.m; path = RTLocalizationSystem/RTLocalizationSystem.m; sourceTree = "<group>"; };
		44A3C0C01B79C66F00F600BD /* RTLocalizationSystemSetting.plist */ = {isa = PBXFileReference; fileEncoding = 4; lastKnownFileType = text.plist.xml; name = RTLocalizationSystemSetting.plist; path = RTLocalizationSystem/RTLocalizationSystemSetting.plist; sourceTree = "<group>"; };
/* End PBXFileReference section */

/* Begin PBXFrameworksBuildPhase section */
		44A3C0811B78597500F600BD /* Frameworks */ = {
			isa = PBXFrameworksBuildPhase;
			buildActionMask = 2147483647;
			files = (
			);
			runOnlyForDeploymentPostprocessing = 0;
		};
		44A3C09A1B78597500F600BD /* Frameworks */ = {
			isa = PBXFrameworksBuildPhase;
			buildActionMask = 2147483647;
			files = (
			);
			runOnlyForDeploymentPostprocessing = 0;
		};
/* End PBXFrameworksBuildPhase section */

/* Begin PBXGroup section */
		44A3C07B1B78597500F600BD = {
			isa = PBXGroup;
			children = (
				44A3C0861B78597500F600BD /* RTLocalizationSystem */,
				44A3C0A01B78597500F600BD /* RTLocalizationSystemTests */,
				44A3C0851B78597500F600BD /* Products */,
			);
			sourceTree = "<group>";
		};
		44A3C0851B78597500F600BD /* Products */ = {
			isa = PBXGroup;
			children = (
				44A3C0841B78597500F600BD /* RTLocalizationSystem.app */,
				44A3C09D1B78597500F600BD /* RTLocalizationSystemTests.xctest */,
			);
			name = Products;
			sourceTree = "<group>";
		};
		44A3C0861B78597500F600BD /* RTLocalizationSystem */ = {
			isa = PBXGroup;
			children = (
				44A3C0B41B785C4400F600BD /* RTLocalizationSystem */,
				44A3C08B1B78597500F600BD /* AppDelegate.h */,
				44A3C08C1B78597500F600BD /* AppDelegate.m */,
				44A3C08E1B78597500F600BD /* ViewController.h */,
				44A3C08F1B78597500F600BD /* ViewController.m */,
				44A3C0911B78597500F600BD /* Main.storyboard */,
				44A3C0941B78597500F600BD /* Images.xcassets */,
				44A3C0961B78597500F600BD /* LaunchScreen.xib */,
				44A3C0871B78597500F600BD /* Supporting Files */,
			);
			path = RTLocalizationSystem;
			sourceTree = "<group>";
		};
		44A3C0871B78597500F600BD /* Supporting Files */ = {
			isa = PBXGroup;
			children = (
				44A3C0881B78597500F600BD /* Info.plist */,
				44A3C0891B78597500F600BD /* main.m */,
				44A3C0B11B785A5200F600BD /* Localizable.strings */,
			);
			name = "Supporting Files";
			sourceTree = "<group>";
		};
		44A3C0A01B78597500F600BD /* RTLocalizationSystemTests */ = {
			isa = PBXGroup;
			children = (
				44A3C0A31B78597500F600BD /* RTLocalizationSystemTests.m */,
				44A3C0A11B78597500F600BD /* Supporting Files */,
			);
			path = RTLocalizationSystemTests;
			sourceTree = "<group>";
		};
		44A3C0A11B78597500F600BD /* Supporting Files */ = {
			isa = PBXGroup;
			children = (
				44A3C0A21B78597500F600BD /* Info.plist */,
			);
			name = "Supporting Files";
			sourceTree = "<group>";
		};
		44A3C0B41B785C4400F600BD /* RTLocalizationSystem */ = {
			isa = PBXGroup;
			children = (
				44A3C0BD1B79C64C00F600BD /* RTLocalizationSystem.h */,
				44A3C0BE1B79C64C00F600BD /* RTLocalizationSystem.m */,
				44A3C0C01B79C66F00F600BD /* RTLocalizationSystemSetting.plist */,
			);
			name = RTLocalizationSystem;
			sourceTree = "<group>";
		};
/* End PBXGroup section */

/* Begin PBXNativeTarget section */
		44A3C0831B78597500F600BD /* RTLocalizationSystem */ = {
			isa = PBXNativeTarget;
			buildConfigurationList = 44A3C0A71B78597500F600BD /* Build configuration list for PBXNativeTarget "RTLocalizationSystem" */;
			buildPhases = (
				44A3C0801B78597500F600BD /* Sources */,
				44A3C0811B78597500F600BD /* Frameworks */,
				44A3C0821B78597500F600BD /* Resources */,
			);
			buildRules = (
			);
			dependencies = (
			);
			name = RTLocalizationSystem;
			productName = RTLocalizationSystem;
			productReference = 44A3C0841B78597500F600BD /* RTLocalizationSystem.app */;
			productType = "com.apple.product-type.application";
		};
		44A3C09C1B78597500F600BD /* RTLocalizationSystemTests */ = {
			isa = PBXNativeTarget;
			buildConfigurationList = 44A3C0AA1B78597500F600BD /* Build configuration list for PBXNativeTarget "RTLocalizationSystemTests" */;
			buildPhases = (
				44A3C0991B78597500F600BD /* Sources */,
				44A3C09A1B78597500F600BD /* Frameworks */,
				44A3C09B1B78597500F600BD /* Resources */,
			);
			buildRules = (
			);
			dependencies = (
				44A3C09F1B78597500F600BD /* PBXTargetDependency */,
			);
			name = RTLocalizationSystemTests;
			productName = RTLocalizationSystemTests;
			productReference = 44A3C09D1B78597500F600BD /* RTLocalizationSystemTests.xctest */;
			productType = "com.apple.product-type.bundle.unit-test";
		};
/* End PBXNativeTarget section */

/* Begin PBXProject section */
		44A3C07C1B78597500F600BD /* Project object */ = {
			isa = PBXProject;
			attributes = {
				LastUpgradeCheck = 0640;
				ORGANIZATIONNAME = abc;
				TargetAttributes = {
					44A3C0831B78597500F600BD = {
						CreatedOnToolsVersion = 6.4;
					};
					44A3C09C1B78597500F600BD = {
						CreatedOnToolsVersion = 6.4;
						TestTargetID = 44A3C0831B78597500F600BD;
					};
				};
			};
			buildConfigurationList = 44A3C07F1B78597500F600BD /* Build configuration list for PBXProject "RTLocalizationSystem" */;
			compatibilityVersion = "Xcode 3.2";
			developmentRegion = English;
			hasScannedForEncodings = 0;
			knownRegions = (
				en,
				Base,
				"zh-Hant",
			);
			mainGroup = 44A3C07B1B78597500F600BD;
			productRefGroup = 44A3C0851B78597500F600BD /* Products */;
			projectDirPath = "";
			projectRoot = "";
			targets = (
				44A3C0831B78597500F600BD /* RTLocalizationSystem */,
				44A3C09C1B78597500F600BD /* RTLocalizationSystemTests */,
			);
		};
/* End PBXProject section */

/* Begin PBXResourcesBuildPhase section */
		44A3C0821B78597500F600BD /* Resources */ = {
			isa = PBXResourcesBuildPhase;
			buildActionMask = 2147483647;
			files = (
				44A3C0C11B79C66F00F600BD /* RTLocalizationSystemSetting.plist in Resources */,
				44A3C0931B78597500F600BD /* Main.storyboard in Resources */,
				44A3C0AF1B785A5200F600BD /* Localizable.strings in Resources */,
				44A3C0981B78597500F600BD /* LaunchScreen.xib in Resources */,
				44A3C0951B78597500F600BD /* Images.xcassets in Resources */,
			);
			runOnlyForDeploymentPostprocessing = 0;
		};
		44A3C09B1B78597500F600BD /* Resources */ = {
			isa = PBXResourcesBuildPhase;
			buildActionMask = 2147483647;
			files = (
			);
			runOnlyForDeploymentPostprocessing = 0;
		};
/* End PBXResourcesBuildPhase section */

/* Begin PBXSourcesBuildPhase section */
		44A3C0801B78597500F600BD /* Sources */ = {
			isa = PBXSourcesBuildPhase;
			buildActionMask = 2147483647;
			files = (
				44A3C0901B78597500F600BD /* ViewController.m in Sources */,
				44A3C0BF1B79C64C00F600BD /* RTLocalizationSystem.m in Sources */,
				44A3C08D1B78597500F600BD /* AppDelegate.m in Sources */,
				44A3C08A1B78597500F600BD /* main.m in Sources */,
			);
			runOnlyForDeploymentPostprocessing = 0;
		};
		44A3C0991B78597500F600BD /* Sources */ = {
			isa = PBXSourcesBuildPhase;
			buildActionMask = 2147483647;
			files = (
				44A3C0A41B78597500F600BD /* RTLocalizationSystemTests.m in Sources */,
			);
			runOnlyForDeploymentPostprocessing = 0;
		};
/* End PBXSourcesBuildPhase section */

/* Begin PBXTargetDependency section */
		44A3C09F1B78597500F600BD /* PBXTargetDependency */ = {
			isa = PBXTargetDependency;
			target = 44A3C0831B78597500F600BD /* RTLocalizationSystem */;
			targetProxy = 44A3C09E1B78597500F600BD /* PBXContainerItemProxy */;
		};
/* End PBXTargetDependency section */

/* Begin PBXVariantGroup section */
		44A3C0911B78597500F600BD /* Main.storyboard */ = {
			isa = PBXVariantGroup;
			children = (
				44A3C0921B78597500F600BD /* Base */,
			);
			name = Main.storyboard;
			sourceTree = "<group>";
		};
		44A3C0961B78597500F600BD /* LaunchScreen.xib */ = {
			isa = PBXVariantGroup;
			children = (
				44A3C0971B78597500F600BD /* Base */,
			);
			name = LaunchScreen.xib;
			sourceTree = "<group>";
		};
		44A3C0B11B785A5200F600BD /* Localizable.strings */ = {
			isa = PBXVariantGroup;
			children = (
				44A3C0B21B785A5800F600BD /* Base */,
				44A3C0B31B785BA400F600BD /* zh-Hant */,
			);
			name = Localizable.strings;
			sourceTree = "<group>";
		};
/* End PBXVariantGroup section */

/* Begin XCBuildConfiguration section */
		44A3C0A51B78597500F600BD /* Debug */ = {
			isa = XCBuildConfiguration;
			buildSettings = {
				ALWAYS_SEARCH_USER_PATHS = NO;
				CLANG_CXX_LANGUAGE_STANDARD = "gnu++0x";
				CLANG_CXX_LIBRARY = "libc++";
				CLANG_ENABLE_MODULES = YES;
				CLANG_ENABLE_OBJC_ARC = YES;
				CLANG_WARN_BOOL_CONVERSION = YES;
				CLANG_WARN_CONSTANT_CONVERSION = YES;
				CLANG_WARN_DIRECT_OBJC_ISA_USAGE = YES_ERROR;
				CLANG_WARN_EMPTY_BODY = YES;
				CLANG_WARN_ENUM_CONVERSION = YES;
				CLANG_WARN_INT_CONVERSION = YES;
				CLANG_WARN_OBJC_ROOT_CLASS = YES_ERROR;
				CLANG_WARN_UNREACHABLE_CODE = YES;
				CLANG_WARN__DUPLICATE_METHOD_MATCH = YES;
				"CODE_SIGN_IDENTITY[sdk=iphoneos*]" = "iPhone Developer";
				COPY_PHASE_STRIP = NO;
				DEBUG_INFORMATION_FORMAT = "dwarf-with-dsym";
				ENABLE_STRICT_OBJC_MSGSEND = YES;
				GCC_C_LANGUAGE_STANDARD = gnu99;
				GCC_DYNAMIC_NO_PIC = NO;
				GCC_NO_COMMON_BLOCKS = YES;
				GCC_OPTIMIZATION_LEVEL = 0;
				GCC_PREPROCESSOR_DEFINITIONS = (
					"DEBUG=1",
					"$(inherited)",
				);
				GCC_SYMBOLS_PRIVATE_EXTERN = NO;
				GCC_WARN_64_TO_32_BIT_CONVERSION = YES;
				GCC_WARN_ABOUT_RETURN_TYPE = YES_ERROR;
				GCC_WARN_UNDECLARED_SELECTOR = YES;
				GCC_WARN_UNINITIALIZED_AUTOS = YES_AGGRESSIVE;
				GCC_WARN_UNUSED_FUNCTION = YES;
				GCC_WARN_UNUSED_VARIABLE = YES;
				IPHONEOS_DEPLOYMENT_TARGET = 8.4;
				MTL_ENABLE_DEBUG_INFO = YES;
				ONLY_ACTIVE_ARCH = YES;
				SDKROOT = iphoneos;
				TARGETED_DEVICE_FAMILY = "1,2";
			};
			name = Debug;
		};
		44A3C0A61B78597500F600BD /* Release */ = {
			isa = XCBuildConfiguration;
			buildSettings = {
				ALWAYS_SEARCH_USER_PATHS = NO;
				CLANG_CXX_LANGUAGE_STANDARD = "gnu++0x";
				CLANG_CXX_LIBRARY = "libc++";
				CLANG_ENABLE_MODULES = YES;
				CLANG_ENABLE_OBJC_ARC = YES;
				CLANG_WARN_BOOL_CONVERSION = YES;
				CLANG_WARN_CONSTANT_CONVERSION = YES;
				CLANG_WARN_DIRECT_OBJC_ISA_USAGE = YES_ERROR;
				CLANG_WARN_EMPTY_BODY = YES;
				CLANG_WARN_ENUM_CONVERSION = YES;
				CLANG_WARN_INT_CONVERSION = YES;
				CLANG_WARN_OBJC_ROOT_CLASS = YES_ERROR;
				CLANG_WARN_UNREACHABLE_CODE = YES;
				CLANG_WARN__DUPLICATE_METHOD_MATCH = YES;
				"CODE_SIGN_IDENTITY[sdk=iphoneos*]" = "iPhone Developer";
				COPY_PHASE_STRIP = NO;
				DEBUG_INFORMATION_FORMAT = "dwarf-with-dsym";
				ENABLE_NS_ASSERTIONS = NO;
				ENABLE_STRICT_OBJC_MSGSEND = YES;
				GCC_C_LANGUAGE_STANDARD = gnu99;
				GCC_NO_COMMON_BLOCKS = YES;
				GCC_WARN_64_TO_32_BIT_CONVERSION = YES;
				GCC_WARN_ABOUT_RETURN_TYPE = YES_ERROR;
				GCC_WARN_UNDECLARED_SELECTOR = YES;
				GCC_WARN_UNINITIALIZED_AUTOS = YES_AGGRESSIVE;
				GCC_WARN_UNUSED_FUNCTION = YES;
				GCC_WARN_UNUSED_VARIABLE = YES;
				IPHONEOS_DEPLOYMENT_TARGET = 8.4;
				MTL_ENABLE_DEBUG_INFO = NO;
				SDKROOT = iphoneos;
				TARGETED_DEVICE_FAMILY = "1,2";
				VALIDATE_PRODUCT = YES;
			};
			name = Release;
		};
		44A3C0A81B78597500F600BD /* Debug */ = {
			isa = XCBuildConfiguration;
			buildSettings = {
				ASSETCATALOG_COMPILER_APPICON_NAME = AppIcon;
				INFOPLIST_FILE = RTLocalizationSystem/Info.plist;
				LD_RUNPATH_SEARCH_PATHS = "$(inherited) @executable_path/Frameworks";
				PRODUCT_NAME = "$(TARGET_NAME)";
			};
			name = Debug;
		};
		44A3C0A91B78597500F600BD /* Release */ = {
			isa = XCBuildConfiguration;
			buildSettings = {
				ASSETCATALOG_COMPILER_APPICON_NAME = AppIcon;
				INFOPLIST_FILE = RTLocalizationSystem/Info.plist;
				LD_RUNPATH_SEARCH_PATHS = "$(inherited) @executable_path/Frameworks";
				PRODUCT_NAME = "$(TARGET_NAME)";
			};
			name = Release;
		};
		44A3C0AB1B78597500F600BD /* Debug */ = {
			isa = XCBuildConfiguration;
			buildSettings = {
				BUNDLE_LOADER = "$(TEST_HOST)";
				FRAMEWORK_SEARCH_PATHS = (
					"$(SDKROOT)/Developer/Library/Frameworks",
					"$(inherited)",
				);
				GCC_PREPROCESSOR_DEFINITIONS = (
					"DEBUG=1",
					"$(inherited)",
				);
				INFOPLIST_FILE = RTLocalizationSystemTests/Info.plist;
				LD_RUNPATH_SEARCH_PATHS = "$(inherited) @executable_path/Frameworks @loader_path/Frameworks";
				PRODUCT_NAME = "$(TARGET_NAME)";
				TEST_HOST = "$(BUILT_PRODUCTS_DIR)/RTLocalizationSystem.app/RTLocalizationSystem";
			};
			name = Debug;
		};
		44A3C0AC1B78597500F600BD /* Release */ = {
			isa = XCBuildConfiguration;
			buildSettings = {
				BUNDLE_LOADER = "$(TEST_HOST)";
				FRAMEWORK_SEARCH_PATHS = (
					"$(SDKROOT)/Developer/Library/Frameworks",
					"$(inherited)",
				);
				INFOPLIST_FILE = RTLocalizationSystemTests/Info.plist;
				LD_RUNPATH_SEARCH_PATHS = "$(inherited) @executable_path/Frameworks @loader_path/Frameworks";
				PRODUCT_NAME = "$(TARGET_NAME)";
				TEST_HOST = "$(BUILT_PRODUCTS_DIR)/RTLocalizationSystem.app/RTLocalizationSystem";
			};
			name = Release;
		};
/* End XCBuildConfiguration section */

/* Begin XCConfigurationList section */
		44A3C07F1B78597500F600BD /* Build configuration list for PBXProject "RTLocalizationSystem" */ = {
			isa = XCConfigurationList;
			buildConfigurations = (
				44A3C0A51B78597500F600BD /* Debug */,
				44A3C0A61B78597500F600BD /* Release */,
			);
			defaultConfigurationIsVisible = 0;
			defaultConfigurationName = Release;
		};
		44A3C0A71B78597500F600BD /* Build configuration list for PBXNativeTarget "RTLocalizationSystem" */ = {
			isa = XCConfigurationList;
			buildConfigurations = (
				44A3C0A81B78597500F600BD /* Debug */,
				44A3C0A91B78597500F600BD /* Release */,
			);
			defaultConfigurationIsVisible = 0;
			defaultConfigurationName = Release;
		};
		44A3C0AA1B78597500F600BD /* Build configuration list for PBXNativeTarget "RTLocalizationSystemTests" */ = {
			isa = XCConfigurationList;
			buildConfigurations = (
				44A3C0AB1B78597500F600BD /* Debug */,
				44A3C0AC1B78597500F600BD /* Release */,
			);
			defaultConfigurationIsVisible = 0;
			defaultConfigurationName = Release;
		};
/* End XCConfigurationList section */
	};
	rootObject = 44A3C07C1B78597500F600BD /* Project object */;
}
